
Microsoft Visual Studio Solution File, Format Version 12.00
# Visual Studio Version 17
VisualStudioVersion = 17.0.31612.314
MinimumVisualStudioVersion = 10.0.40219.1
Project("{FAE04EC0-301F-11D3-BF4B-00C04F79EFBC}") = "BasicWinform", "BasicWinform\BasicWinform.csproj", "{1ADA4DE1-8D24-49FB-BEE1-BC4F63A637D9}"
EndProject
Global
	GlobalSection(SolutionConfigurationPlatforms) = preSolution
		Debug|Any CPU = Debug|Any CPU
		Release|Any CPU = Release|Any CPU
	EndGlobalSection
	GlobalSection(ProjectConfigurationPlatforms) = postSolution
		{1ADA4DE1-8D24-49FB-BEE1-BC4F63A637D9}.Debug|Any CPU.ActiveCfg = Debug|Any CPU
		{1ADA4DE1-8D24-49FB-BEE1-BC4F63A637D9}.Debug|Any CPU.Build.0 = Debug|Any CPU
		{1ADA4DE1-8D24-49FB-BEE1-BC4F63A637D9}.Release|Any CPU.ActiveCfg = Release|Any CPU
		{1ADA4DE1-8D24-49FB-BEE1-BC4F63A637D9}.Release|Any CPU.Build.0 = Release|Any CPU
	EndGlobalSection
	GlobalSection(SolutionProperties) = preSolution
		HideSolutionNode = FALSE
	EndGlobalSection
	GlobalSection(ExtensibilityGlobals) = postSolution
		SolutionGuid = {166CDB52-3F17-4468-A585-19F1B8BEC3A6}
	EndGlobalSection
EndGlobal
